
Microsoft Visual Studio Solution File, Format Version 12.00
# Visual Studio 14
VisualStudioVersion = 14.0.25420.1
MinimumVisualStudioVersion = 10.0.40219.1
Project("{FAE04EC0-301F-11D3-BF4B-00C04F79EFBC}") = "CheckersWindows", "checkers\CheckersWindows.csproj", "{16BE2C2E-C13A-4BF6-AC96-12DB08937462}"
EndProject
Project("{FAE04EC0-301F-11D3-BF4B-00C04F79EFBC}") = "CheckersTest", "CheckersTest\CheckersTest.csproj", "{D3DC7265-BD89-4764-993B-1B91B15853CF}"
EndProject
Project("{FAE04EC0-301F-11D3-BF4B-00C04F79EFBC}") = "CheckersLibrary", "CheckersLibrary\CheckersLibrary.csproj", "{9563036D-ADEE-469F-AE4F-3D48E89BB325}"
EndProject
Global
	GlobalSection(SolutionConfigurationPlatforms) = preSolution
		Ad-Hoc|Any CPU = Ad-Hoc|Any CPU
		Ad-Hoc|iPhone = Ad-Hoc|iPhone
		Ad-Hoc|iPhoneSimulator = Ad-Hoc|iPhoneSimulator
		AppStore|Any CPU = AppStore|Any CPU
		AppStore|iPhone = AppStore|iPhone
		AppStore|iPhoneSimulator = AppStore|iPhoneSimulator
		Debug|Any CPU = Debug|Any CPU
		Debug|iPhone = Debug|iPhone
		Debug|iPhoneSimulator = Debug|iPhoneSimulator
		Release|Any CPU = Release|Any CPU
		Release|iPhone = Release|iPhone
		Release|iPhoneSimulator = Release|iPhoneSimulator
	EndGlobalSection
	GlobalSection(ProjectConfigurationPlatforms) = postSolution
		{16BE2C2E-C13A-4BF6-AC96-12DB08937462}.Ad-Hoc|Any CPU.ActiveCfg = Release|Any CPU
		{16BE2C2E-C13A-4BF6-AC96-12DB08937462}.Ad-Hoc|Any CPU.Build.0 = Release|Any CPU
		{16BE2C2E-C13A-4BF6-AC96-12DB08937462}.Ad-Hoc|iPhone.ActiveCfg = Release|Any CPU
		{16BE2C2E-C13A-4BF6-AC96-12DB08937462}.Ad-Hoc|iPhone.Build.0 = Release|Any CPU
		{16BE2C2E-C13A-4BF6-AC96-12DB08937462}.Ad-Hoc|iPhoneSimulator.ActiveCfg = Release|Any CPU
		{16BE2C2E-C13A-4BF6-AC96-12DB08937462}.Ad-Hoc|iPhoneSimulator.Build.0 = Release|Any CPU
		{16BE2C2E-C13A-4BF6-AC96-12DB08937462}.AppStore|Any CPU.ActiveCfg = Release|Any CPU
		{16BE2C2E-C13A-4BF6-AC96-12DB08937462}.AppStore|Any CPU.Build.0 = Release|Any CPU
		{16BE2C2E-C13A-4BF6-AC96-12DB08937462}.AppStore|iPhone.ActiveCfg = Release|Any CPU
		{16BE2C2E-C13A-4BF6-AC96-12DB08937462}.AppStore|iPhone.Build.0 = Release|Any CPU
		{16BE2C2E-C13A-4BF6-AC96-12DB08937462}.AppStore|iPhoneSimulator.ActiveCfg = Release|Any CPU
		{16BE2C2E-C13A-4BF6-AC96-12DB08937462}.AppStore|iPhoneSimulator.Build.0 = Release|Any CPU
		{16BE2C2E-C13A-4BF6-AC96-12DB08937462}.Debug|Any CPU.ActiveCfg = Debug|Any CPU
		{16BE2C2E-C13A-4BF6-AC96-12DB08937462}.Debug|Any CPU.Build.0 = Debug|Any CPU
		{16BE2C2E-C13A-4BF6-AC96-12DB08937462}.Debug|iPhone.ActiveCfg = Debug|Any CPU
		{16BE2C2E-C13A-4BF6-AC96-12DB08937462}.Debug|iPhone.Build.0 = Debug|Any CPU
		{16BE2C2E-C13A-4BF6-AC96-12DB08937462}.Debug|iPhoneSimulator.ActiveCfg = Debug|Any CPU
		{16BE2C2E-C13A-4BF6-AC96-12DB08937462}.Debug|iPhoneSimulator.Build.0 = Debug|Any CPU
		{16BE2C2E-C13A-4BF6-AC96-12DB08937462}.Release|Any CPU.ActiveCfg = Release|Any CPU
		{16BE2C2E-C13A-4BF6-AC96-12DB08937462}.Release|Any CPU.Build.0 = Release|Any CPU
		{16BE2C2E-C13A-4BF6-AC96-12DB08937462}.Release|iPhone.ActiveCfg = Release|Any CPU
		{16BE2C2E-C13A-4BF6-AC96-12DB08937462}.Release|iPhone.Build.0 = Release|Any CPU
		{16BE2C2E-C13A-4BF6-AC96-12DB08937462}.Release|iPhoneSimulator.ActiveCfg = Release|Any CPU
		{16BE2C2E-C13A-4BF6-AC96-12DB08937462}.Release|iPhoneSimulator.Build.0 = Release|Any CPU
		{D3DC7265-BD89-4764-993B-1B91B15853CF}.Ad-Hoc|Any CPU.ActiveCfg = Release|Any CPU
		{D3DC7265-BD89-4764-993B-1B91B15853CF}.Ad-Hoc|Any CPU.Build.0 = Release|Any CPU
		{D3DC7265-BD89-4764-993B-1B91B15853CF}.Ad-Hoc|iPhone.ActiveCfg = Release|Any CPU
		{D3DC7265-BD89-4764-993B-1B91B15853CF}.Ad-Hoc|iPhone.Build.0 = Release|Any CPU
		{D3DC7265-BD89-4764-993B-1B91B15853CF}.Ad-Hoc|iPhoneSimulator.ActiveCfg = Release|Any CPU
		{D3DC7265-BD89-4764-993B-1B91B15853CF}.Ad-Hoc|iPhoneSimulator.Build.0 = Release|Any CPU
		{D3DC7265-BD89-4764-993B-1B91B15853CF}.AppStore|Any CPU.ActiveCfg = Release|Any CPU
		{D3DC7265-BD89-4764-993B-1B91B15853CF}.AppStore|Any CPU.Build.0 = Release|Any CPU
		{D3DC7265-BD89-4764-993B-1B91B15853CF}.AppStore|iPhone.ActiveCfg = Release|Any CPU
		{D3DC7265-BD89-4764-993B-1B91B15853CF}.AppStore|iPhone.Build.0 = Release|Any CPU
		{D3DC7265-BD89-4764-993B-1B91B15853CF}.AppStore|iPhoneSimulator.ActiveCfg = Release|Any CPU
		{D3DC7265-BD89-4764-993B-1B91B15853CF}.AppStore|iPhoneSimulator.Build.0 = Release|Any CPU
		{D3DC7265-BD89-4764-993B-1B91B15853CF}.Debug|Any CPU.ActiveCfg = Debug|Any CPU
		{D3DC7265-BD89-4764-993B-1B91B15853CF}.Debug|Any CPU.Build.0 = Debug|Any CPU
		{D3DC7265-BD89-4764-993B-1B91B15853CF}.Debug|iPhone.ActiveCfg = Debug|Any CPU
		{D3DC7265-BD89-4764-993B-1B91B15853CF}.Debug|iPhone.Build.0 = Debug|Any CPU
		{D3DC7265-BD89-4764-993B-1B91B15853CF}.Debug|iPhoneSimulator.ActiveCfg = Debug|Any CPU
		{D3DC7265-BD89-4764-993B-1B91B15853CF}.Debug|iPhoneSimulator.Build.0 = Debug|Any CPU
		{D3DC7265-BD89-4764-993B-1B91B15853CF}.Release|Any CPU.ActiveCfg = Release|Any CPU
		{D3DC7265-BD89-4764-993B-1B91B15853CF}.Release|Any CPU.Build.0 = Release|Any CPU
		{D3DC7265-BD89-4764-993B-1B91B15853CF}.Release|iPhone.ActiveCfg = Release|Any CPU
		{D3DC7265-BD89-4764-993B-1B91B15853CF}.Release|iPhone.Build.0 = Release|Any CPU
		{D3DC7265-BD89-4764-993B-1B91B15853CF}.Release|iPhoneSimulator.ActiveCfg = Release|Any CPU
		{D3DC7265-BD89-4764-993B-1B91B15853CF}.Release|iPhoneSimulator.Build.0 = Release|Any CPU
		{9563036D-ADEE-469F-AE4F-3D48E89BB325}.Ad-Hoc|Any CPU.ActiveCfg = Release|Any CPU
		{9563036D-ADEE-469F-AE4F-3D48E89BB325}.Ad-Hoc|Any CPU.Build.0 = Release|Any CPU
		{9563036D-ADEE-469F-AE4F-3D48E89BB325}.Ad-Hoc|iPhone.ActiveCfg = Release|Any CPU
		{9563036D-ADEE-469F-AE4F-3D48E89BB325}.Ad-Hoc|iPhone.Build.0 = Release|Any CPU
		{9563036D-ADEE-469F-AE4F-3D48E89BB325}.Ad-Hoc|iPhoneSimulator.ActiveCfg = Release|Any CPU
		{9563036D-ADEE-469F-AE4F-3D48E89BB325}.Ad-Hoc|iPhoneSimulator.Build.0 = Release|Any CPU
		{9563036D-ADEE-469F-AE4F-3D48E89BB325}.AppStore|Any CPU.ActiveCfg = Release|Any CPU
		{9563036D-ADEE-469F-AE4F-3D48E89BB325}.AppStore|Any CPU.Build.0 = Release|Any CPU
		{9563036D-ADEE-469F-AE4F-3D48E89BB325}.AppStore|iPhone.ActiveCfg = Release|Any CPU
		{9563036D-ADEE-469F-AE4F-3D48E89BB325}.AppStore|iPhone.Build.0 = Release|Any CPU
		{9563036D-ADEE-469F-AE4F-3D48E89BB325}.AppStore|iPhoneSimulator.ActiveCfg = Release|Any CPU
		{9563036D-ADEE-469F-AE4F-3D48E89BB325}.AppStore|iPhoneSimulator.Build.0 = Release|Any CPU
		{9563036D-ADEE-469F-AE4F-3D48E89BB325}.Debug|Any CPU.ActiveCfg = Debug|Any CPU
		{9563036D-ADEE-469F-AE4F-3D48E89BB325}.Debug|Any CPU.Build.0 = Debug|Any CPU
		{9563036D-ADEE-469F-AE4F-3D48E89BB325}.Debug|iPhone.ActiveCfg = Debug|Any CPU
		{9563036D-ADEE-469F-AE4F-3D48E89BB325}.Debug|iPhone.Build.0 = Debug|Any CPU
		{9563036D-ADEE-469F-AE4F-3D48E89BB325}.Debug|iPhoneSimulator.ActiveCfg = Debug|Any CPU
		{9563036D-ADEE-469F-AE4F-3D48E89BB325}.Debug|iPhoneSimulator.Build.0 = Debug|Any CPU
		{9563036D-ADEE-469F-AE4F-3D48E89BB325}.Release|Any CPU.ActiveCfg = Release|Any CPU
		{9563036D-ADEE-469F-AE4F-3D48E89BB325}.Release|Any CPU.Build.0 = Release|Any CPU
		{9563036D-ADEE-469F-AE4F-3D48E89BB325}.Release|iPhone.ActiveCfg = Release|Any CPU
		{9563036D-ADEE-469F-AE4F-3D48E89BB325}.Release|iPhone.Build.0 = Release|Any CPU
		{9563036D-ADEE-469F-AE4F-3D48E89BB325}.Release|iPhoneSimulator.ActiveCfg = Release|Any CPU
		{9563036D-ADEE-469F-AE4F-3D48E89BB325}.Release|iPhoneSimulator.Build.0 = Release|Any CPU
	EndGlobalSection
	GlobalSection(SolutionProperties) = preSolution
		HideSolutionNode = FALSE
	EndGlobalSection
EndGlobal
